
Microsoft Visual Studio Solution File, Format Version 12.00
# Visual Studio Version 17
VisualStudioVersion = 17.7.34031.279
MinimumVisualStudioVersion = 10.0.40219.1
Project("{FAE04EC0-301F-11D3-BF4B-00C04F79EFBC}") = "BusBookingProject", "BusBookingProject\BusBookingProject.csproj", "{42A5219E-0AD8-4C83-80AD-38AC3A17399C}"
EndProject
Project("{9A19103F-16F7-4668-BE54-9A1E7A4F7556}") = "Testing", "Testing\Testing.csproj", "{587DD547-EF28-46AA-9398-BBC4459716ED}"
EndProject
Project("{2150E333-8FDC-42A3-9474-1A3956D46DE8}") = "Solution Items", "Solution Items", "{07791D92-9895-44B6-A8AE-1D20C3441F0F}"
EndProject
Global
	GlobalSection(SolutionConfigurationPlatforms) = preSolution
		Debug|Any CPU = Debug|Any CPU
		Release|Any CPU = Release|Any CPU
	EndGlobalSection
	GlobalSection(ProjectConfigurationPlatforms) = postSolution
		{42A5219E-0AD8-4C83-80AD-38AC3A17399C}.Debug|Any CPU.ActiveCfg = Debug|Any CPU
		{42A5219E-0AD8-4C83-80AD-38AC3A17399C}.Debug|Any CPU.Build.0 = Debug|Any CPU
		{42A5219E-0AD8-4C83-80AD-38AC3A17399C}.Release|Any CPU.ActiveCfg = Release|Any CPU
		{42A5219E-0AD8-4C83-80AD-38AC3A17399C}.Release|Any CPU.Build.0 = Release|Any CPU
		{587DD547-EF28-46AA-9398-BBC4459716ED}.Debug|Any CPU.ActiveCfg = Debug|Any CPU
		{587DD547-EF28-46AA-9398-BBC4459716ED}.Debug|Any CPU.Build.0 = Debug|Any CPU
		{587DD547-EF28-46AA-9398-BBC4459716ED}.Release|Any CPU.ActiveCfg = Release|Any CPU
		{587DD547-EF28-46AA-9398-BBC4459716ED}.Release|Any CPU.Build.0 = Release|Any CPU
	EndGlobalSection
	GlobalSection(SolutionProperties) = preSolution
		HideSolutionNode = FALSE
	EndGlobalSection
	GlobalSection(ExtensibilityGlobals) = postSolution
		SolutionGuid = {7C374C7B-8B11-4518-AB4D-8A37F22855A1}
	EndGlobalSection
EndGlobal
